<?xml version="1.0" encoding="utf-8"?>
<Project ToolsVersion="4.0" xmlns="http://schemas.microsoft.com/developer/msbuild/2003">
  <ItemGroup>
    <Filter Include="Source Files">
      <UniqueIdentifier>{4FC737F1-C7A5-4376-A066-2A32D752A2FF}</UniqueIdentifier>
      <Extensions>cpp;c;cc;cxx;c++;cppm;ixx;def;odl;idl;hpj;bat;asm;asmx</Extensions>
    </Filter>
    <Filter Include="Header Files">
      <UniqueIdentifier>{93995380-89BD-4b04-88EB-625FBE52EBFB}</UniqueIdentifier>
      <Extensions>h;hh;hpp;hxx;h++;hm;inl;inc;ipp;xsd</Extensions>
    </Filter>
    <Filter Include="Resource Files">
      <UniqueIdentifier>{67DA6AB6-F800-4c08-8B7A-83BB121AAD01}</UniqueIdentifier>
      <Extensions>rc;ico;cur;bmp;dlg;rc2;rct;bin;rgs;gif;jpg;jpeg;jpe;resx;tiff;tif;png;wav;mfcribbon-ms</Extensions>
    </Filter>
    <Filter Include="Resource Files\Assets">
      <UniqueIdentifier>{f31a1991-3111-47df-8dc2-42c5a9568ebc}</UniqueIdentifier>
    </Filter>
  </ItemGroup>
  <ItemGroup>
    <ClCompile Include="main.cpp">
      <Filter>Source Files</Filter>
    </ClCompile>
    <ClCompile Include="enemy.cpp">
      <Filter>Source Files</Filter>
    </ClCompile>
    <ClCompile Include="utilities.cpp">
      <Filter>Source Files</Filter>
    </ClCompile>
    <ClCompile Include="game.cpp">
      <Filter>Source Files</Filter>
    </ClCompile>
    <ClCompile Include="grid.cpp">
      <Filter>Source Files</Filter>
    </ClCompile>
    <ClCompile Include="menu.cpp">
      <Filter>Source Files</Filter>
    </ClCompile>
    <ClCompile Include="authManager.cpp">
      <Filter>Source Files</Filter>
    </ClCompile>
    <ClCompile Include="gameManager.cpp">
      <Filter>Source Files</Filter>
    </ClCompile>
    <ClCompile Include="check.cpp">
      <Filter>Source Files</Filter>
    </ClCompile>
    <ClCompile Include="friendManager.cpp">
      <Filter>Source Files</Filter>
    </ClCompile>
    <ClCompile Include="leaderboard.cpp">
      <Filter>Source Files</Filter>
    </ClCompile>
    <ClCompile Include="matchmaking.cpp">
      <Filter>Source Files</Filter>
    </ClCompile>
    <ClCompile Include="saveManager.cpp">
      <Filter>Source Files</Filter>
    </ClCompile>
    <ClCompile Include="player.cpp">
      <Filter>Source Files</Filter>
    </ClCompile>
    <ClCompile Include="inventory.cpp">
      <Filter>Source Files</Filter>
    </ClCompile>
  </ItemGroup>
  <ItemGroup>
    <Image Include="assets\enemy.png">
      <Filter>Resource Files\Assets</Filter>
    </Image>
    <Image Include="assets\gameover.png">
      <Filter>Resource Files\Assets</Filter>
    </Image>
    <Image Include="assets\tiles.png">
      <Filter>Resource Files\Assets</Filter>
    </Image>
  </ItemGroup>
  <ItemGroup>
    <Font Include="assets\ARIAL.TTF">
      <Filter>Resource Files\Assets</Filter>
    </Font>
    <Font Include="assets\monogram.ttf">
      <Filter>Resource Files\Assets</Filter>
    </Font>
  </ItemGroup>
  <ItemGroup>
    <ClInclude Include="enemy.hpp">
      <Filter>Header Files</Filter>
    </ClInclude>
    <ClInclude Include="utilities.hpp">
      <Filter>Header Files</Filter>
    </ClInclude>
    <ClInclude Include="game.hpp">
      <Filter>Header Files</Filter>
    </ClInclude>
    <ClInclude Include="grid.hpp">
      <Filter>Header Files</Filter>
    </ClInclude>
    <ClInclude Include="menu.hpp">
      <Filter>Header Files</Filter>
    </ClInclude>
    <ClInclude Include="authManager.hpp">
      <Filter>Header Files</Filter>
    </ClInclude>
    <ClInclude Include="gameManager.hpp">
      <Filter>Header Files</Filter>
    </ClInclude>
    <ClInclude Include="avl_tree.hpp">
      <Filter>Header Files</Filter>
    </ClInclude>
    <ClInclude Include="friendManager.hpp">
      <Filter>Header Files</Filter>
    </ClInclude>
    <ClInclude Include="leaderboard.hpp">
      <Filter>Header Files</Filter>
    </ClInclude>
    <ClInclude Include="matchmaking.hpp">
      <Filter>Header Files</Filter>
    </ClInclude>
    <ClInclude Include="player.hpp">
      <Filter>Header Files</Filter>
    </ClInclude>
    <ClInclude Include="saveManager.hpp">
      <Filter>Header Files</Filter>
    </ClInclude>
    <ClInclude Include="theme.hpp">
      <Filter>Header Files</Filter>
    </ClInclude>
    <ClInclude Include="inventory.hpp">
      <Filter>Header Files</Filter>
    </ClInclude>
  </ItemGroup>
</Project>